id: 5024094006
type: node
latitude: 51.82302
longitude: 8.65643
postcode: "33161"
city: Hövelhof
street: Schloßstraße
housenumber: "20"
phone: +49 5257 6364
opening_hours: Mo,We,Sa 09:30-12:00; Tu,Th,Fr 09:30-12:00,15:00-18:00 || "nach Terminvereinbarung"
website: https://kosmetik-ulrike-block.business.site/
